
Microsoft Visual Studio Solution File, Format Version 12.00
# Visual Studio Version 17
VisualStudioVersion = 17.4.33213.308
MinimumVisualStudioVersion = 10.0.40219.1
Project("{FAE04EC0-301F-11D3-BF4B-00C04F79EFBC}") = "Semana3ex1", "Semana3ex1\Semana3ex1.csproj", "{8BA03024-4A84-4A03-A10E-8E506C2D2C96}"
EndProject
Global
	GlobalSection(SolutionConfigurationPlatforms) = preSolution
		Debug|Any CPU = Debug|Any CPU
		Release|Any CPU = Release|Any CPU
	EndGlobalSection
	GlobalSection(ProjectConfigurationPlatforms) = postSolution
		{8BA03024-4A84-4A03-A10E-8E506C2D2C96}.Debug|Any CPU.ActiveCfg = Debug|Any CPU
		{8BA03024-4A84-4A03-A10E-8E506C2D2C96}.Debug|Any CPU.Build.0 = Debug|Any CPU
		{8BA03024-4A84-4A03-A10E-8E506C2D2C96}.Release|Any CPU.ActiveCfg = Release|Any CPU
		{8BA03024-4A84-4A03-A10E-8E506C2D2C96}.Release|Any CPU.Build.0 = Release|Any CPU
	EndGlobalSection
	GlobalSection(SolutionProperties) = preSolution
		HideSolutionNode = FALSE
	EndGlobalSection
	GlobalSection(ExtensibilityGlobals) = postSolution
		SolutionGuid = {1EF6383D-7575-4E01-9BE0-8DF0A4B939C6}
	EndGlobalSection
EndGlobal
